
Microsoft Visual Studio Solution File, Format Version 12.00
# Visual Studio 15
VisualStudioVersion = 15.0.27703.2026
MinimumVisualStudioVersion = 10.0.40219.1
Project("{FAE04EC0-301F-11D3-BF4B-00C04F79EFBC}") = "PUZZLE", "PUZZLE\PUZZLE.csproj", "{66F64EC0-E42F-430B-ABA4-6D3C26C96D44}"
EndProject
Global
	GlobalSection(SolutionConfigurationPlatforms) = preSolution
		Debug|x86 = Debug|x86
		Release|x86 = Release|x86
	EndGlobalSection
	GlobalSection(ProjectConfigurationPlatforms) = postSolution
		{66F64EC0-E42F-430B-ABA4-6D3C26C96D44}.Debug|x86.ActiveCfg = Debug|x86
		{66F64EC0-E42F-430B-ABA4-6D3C26C96D44}.Debug|x86.Build.0 = Debug|x86
		{66F64EC0-E42F-430B-ABA4-6D3C26C96D44}.Release|x86.ActiveCfg = Release|x86
		{66F64EC0-E42F-430B-ABA4-6D3C26C96D44}.Release|x86.Build.0 = Release|x86
	EndGlobalSection
	GlobalSection(SolutionProperties) = preSolution
		HideSolutionNode = FALSE
	EndGlobalSection
	GlobalSection(ExtensibilityGlobals) = postSolution
		SolutionGuid = {34ADBD32-210E-4C3E-991E-52946618F588}
	EndGlobalSection
EndGlobal
